{
  "name": "pr-image",
  "version": "0.1.0",
  "lockfileVersion": 3,
  "requires": true,
  "packages": {
    "": {
      "name": "pr-image",
      "version": "0.1.0",
      "license": "MIT",
      "dependencies": {
        "@1password/sdk": "^0.5.0",
        "aws4fetch": "^1.0.20"
      },
      "bin": {
        "pr-image": "src/cli.ts"
      },
      "devDependencies": {
        "@types/node": "^24.0.0",
        "typescript": "^5.9.0"
      },
      "engines": {
        "node": ">=24"
      }
    },
    "node_modules/@1password/sdk": {
      "version": "0.5.0",
      "resolved": "https://registry.npmjs.org/@1password/sdk/-/sdk-0.5.0.tgz",
      "integrity": "sha512-k6kov3pcA7PRg2tev9CgTfEf/3JSyAp11BPQNCEsqAD32QbqM032OXC1rfjyC8Ba0sfH+NHYZxcifUZToyGyYA==",
      "license": "MIT",
      "dependencies": {
        "@1password/sdk-core": "0.5.0"
      }
    },
    "node_modules/@1password/sdk-core": {
      "version": "0.5.0",
      "resolved": "https://registry.npmjs.org/@1password/sdk-core/-/sdk-core-0.5.0.tgz",
      "integrity": "sha512-9g7LWOKRKdePZ85evVgE9xEom3DAg3hRIyQdOwLPvpL/F7KpDXmUHMi72rsqJxKaDbWApXmrYjDExMSPqUg7xw==",
      "license": "MIT"
    },
    "node_modules/@types/node": {
      "version": "24.13.3",
      "resolved": "https://registry.npmjs.org/@types/node/-/node-24.13.3.tgz",
      "integrity": "sha512-Dh8vAsV36ig5wa9OX4pXvMc9D3Veibfw2wix0CUwYODLD8nkj9UsLjASr49nPg+2eKzxhBV+v7L8pXvT4e639Q==",
      "dev": true,
      "license": "MIT",
      "dependencies": {
        "undici-types": "~7.18.0"
      }
    },
    "node_modules/aws4fetch": {
      "version": "1.0.20",
      "resolved": "https://registry.npmjs.org/aws4fetch/-/aws4fetch-1.0.20.tgz",
      "integrity": "sha512-/djoAN709iY65ETD6LKCtyyEI04XIBP5xVvfmNxsEP0uJB5tyaGBztSryRr4HqMStr9R06PisQE7m9zDTXKu6g==",
      "license": "MIT"
    },
    "node_modules/typescript": {
      "version": "5.9.3",
      "resolved": "https://registry.npmjs.org/typescript/-/typescript-5.9.3.tgz",
      "integrity": "sha512-jl1vZzPDinLr9eUt3J/t7V6FgNEw9QjvBPdysz9KfQDD41fQrC2Y4vKQdiaUpFT4bXlb1RHhLpp8wtm6M5TgSw==",
      "dev": true,
      "license": "Apache-2.0",
      "bin": {
        "tsc": "bin/tsc",
        "tsserver": "bin/tsserver"
      },
      "engines": {
        "node": ">=14.17"
      }
    },
    "node_modules/undici-types": {
      "version": "7.18.2",
      "resolved": "https://registry.npmjs.org/undici-types/-/undici-types-7.18.2.tgz",
      "integrity": "sha512-AsuCzffGHJybSaRrmr5eHr81mwJU3kjw6M+uprWvCXiNeN9SOGwQ3Jn8jb8m3Z6izVgknn1R0FTCEAP2QrLY/w==",
      "dev": true,
      "license": "MIT"
    }
  }
}
